
Microsoft Visual Studio Solution File, Format Version 12.00
# Visual Studio 15
VisualStudioVersion = 15.0.28307.539
MinimumVisualStudioVersion = 10.0.40219.1
Project("{DA7A21FA-8162-4350-AD77-A8D1B671F3ED}") = "Website", "Website\Website.rxproj", "{89F69F6F-8870-4AB5-948B-B1BF6B3818F9}"
EndProject
Global
	GlobalSection(SolutionConfigurationPlatforms) = preSolution
		Debug|Any CPU = Debug|Any CPU
		Release|Any CPU = Release|Any CPU
	EndGlobalSection
	GlobalSection(ProjectConfigurationPlatforms) = postSolution
		{89F69F6F-8870-4AB5-948B-B1BF6B3818F9}.Debug|Any CPU.ActiveCfg = Debug|Any CPU
		{89F69F6F-8870-4AB5-948B-B1BF6B3818F9}.Debug|Any CPU.Build.0 = Debug|Any CPU
		{89F69F6F-8870-4AB5-948B-B1BF6B3818F9}.Release|Any CPU.ActiveCfg = Release|Any CPU
		{89F69F6F-8870-4AB5-948B-B1BF6B3818F9}.Release|Any CPU.Build.0 = Release|Any CPU
	EndGlobalSection
	GlobalSection(SolutionProperties) = preSolution
		HideSolutionNode = FALSE
	EndGlobalSection
	GlobalSection(ExtensibilityGlobals) = postSolution
		SolutionGuid = {72584B0D-0F65-48ED-A8BE-3D723E9B93B6}
	EndGlobalSection
EndGlobal
